
Microsoft Visual Studio Solution File, Format Version 12.00
# Visual Studio Version 17
VisualStudioVersion = 17.0.31912.275
MinimumVisualStudioVersion = 10.0.40219.1
Project("{2150E333-8FDC-42A3-9474-1A3956D46DE8}") = "src", "src", "{CA471BB2-0B9E-4CE1-9601-EAAED0AFD892}"
EndProject
Project("{2150E333-8FDC-42A3-9474-1A3956D46DE8}") = "Tree", "Tree", "{486D00F9-8EBE-4EA9-B0A0-0C6F332F6E71}"
EndProject
Project("{FAE04EC0-301F-11D3-BF4B-00C04F79EFBC}") = "BinaryTree", "BinaryTree\BinaryTree.csproj", "{B9B207A7-5B05-49DD-B3AD-AD9536B62523}"
EndProject
Global
	GlobalSection(SolutionConfigurationPlatforms) = preSolution
		Debug|Any CPU = Debug|Any CPU
		Release|Any CPU = Release|Any CPU
	EndGlobalSection
	GlobalSection(ProjectConfigurationPlatforms) = postSolution
		{B9B207A7-5B05-49DD-B3AD-AD9536B62523}.Debug|Any CPU.ActiveCfg = Debug|Any CPU
		{B9B207A7-5B05-49DD-B3AD-AD9536B62523}.Debug|Any CPU.Build.0 = Debug|Any CPU
		{B9B207A7-5B05-49DD-B3AD-AD9536B62523}.Release|Any CPU.ActiveCfg = Release|Any CPU
		{B9B207A7-5B05-49DD-B3AD-AD9536B62523}.Release|Any CPU.Build.0 = Release|Any CPU
	EndGlobalSection
	GlobalSection(SolutionProperties) = preSolution
		HideSolutionNode = FALSE
	EndGlobalSection
	GlobalSection(NestedProjects) = preSolution
		{486D00F9-8EBE-4EA9-B0A0-0C6F332F6E71} = {CA471BB2-0B9E-4CE1-9601-EAAED0AFD892}
		{B9B207A7-5B05-49DD-B3AD-AD9536B62523} = {486D00F9-8EBE-4EA9-B0A0-0C6F332F6E71}
	EndGlobalSection
	GlobalSection(ExtensibilityGlobals) = postSolution
		SolutionGuid = {1E48F475-BEF5-4B6F-9213-489D7EB0A9DA}
	EndGlobalSection
EndGlobal
