
Microsoft Visual Studio Solution File, Format Version 12.00
# Visual Studio Version 17
VisualStudioVersion = 17.0.31912.275
MinimumVisualStudioVersion = 10.0.40219.1
Project("{2150E333-8FDC-42A3-9474-1A3956D46DE8}") = "src", "src", "{CA471BB2-0B9E-4CE1-9601-EAAED0AFD892}"
EndProject
Project("{2150E333-8FDC-42A3-9474-1A3956D46DE8}") = "Tree", "Tree", "{486D00F9-8EBE-4EA9-B0A0-0C6F332F6E71}"
EndProject
Project("{9A19103F-16F7-4668-BE54-9A1E7A4F7556}") = "BinaryTree", "BinaryTree\BinaryTree.csproj", "{B9B207A7-5B05-49DD-B3AD-AD9536B62523}"
EndProject
Project("{2150E333-8FDC-42A3-9474-1A3956D46DE8}") = "Solution Items", "Solution Items", "{D6336B27-6E58-4929-8D9C-1C97AB980607}"
	ProjectSection(SolutionItems) = preProject
		.editorconfig = .editorconfig
	EndProjectSection
EndProject
Project("{2150E333-8FDC-42A3-9474-1A3956D46DE8}") = "Hashing", "Hashing", "{1F9EA143-6791-46E4-BC34-46C5880E8FDC}"
EndProject
Project("{9A19103F-16F7-4668-BE54-9A1E7A4F7556}") = "Hashing", "Hashing\Hashing.csproj", "{7274B667-514E-4753-9E49-E23732180891}"
EndProject
Project("{2150E333-8FDC-42A3-9474-1A3956D46DE8}") = "Graph", "Graph", "{6591A599-F0FC-4036-9F51-4E1F55C051CA}"
EndProject
Project("{9A19103F-16F7-4668-BE54-9A1E7A4F7556}") = "Graph", "Graph\Graph.csproj", "{67DCF4D5-7BF7-4246-8D46-4AD6FD88274E}"
EndProject
Project("{2150E333-8FDC-42A3-9474-1A3956D46DE8}") = "Heap", "Heap", "{78B4658F-2474-4D08-8E28-4E5AE03E6669}"
EndProject
Project("{9A19103F-16F7-4668-BE54-9A1E7A4F7556}") = "Heap", "Heap\Heap.csproj", "{5A6A9974-A30C-4E1E-8062-3D5EAC6BEDC2}"
EndProject
Project("{2150E333-8FDC-42A3-9474-1A3956D46DE8}") = "Array", "Array", "{7BFFD293-45DC-4E94-9CD7-31C8CA0FF48B}"
EndProject
Project("{9A19103F-16F7-4668-BE54-9A1E7A4F7556}") = "Array", "Array\Array.csproj", "{51B34C03-F746-4F76-A83C-FEBF9775380A}"
EndProject
Project("{2150E333-8FDC-42A3-9474-1A3956D46DE8}") = "DP", "DP", "{0EE90735-76AA-49B9-972F-57CFE65457AF}"
EndProject
Project("{FAE04EC0-301F-11D3-BF4B-00C04F79EFBC}") = "DP", "DP\DP.csproj", "{4F83B383-A859-4142-A803-76E8E707EC41}"
EndProject
Global
	GlobalSection(SolutionConfigurationPlatforms) = preSolution
		Debug|Any CPU = Debug|Any CPU
		Release|Any CPU = Release|Any CPU
	EndGlobalSection
	GlobalSection(ProjectConfigurationPlatforms) = postSolution
		{B9B207A7-5B05-49DD-B3AD-AD9536B62523}.Debug|Any CPU.ActiveCfg = Debug|Any CPU
		{B9B207A7-5B05-49DD-B3AD-AD9536B62523}.Debug|Any CPU.Build.0 = Debug|Any CPU
		{B9B207A7-5B05-49DD-B3AD-AD9536B62523}.Release|Any CPU.ActiveCfg = Release|Any CPU
		{B9B207A7-5B05-49DD-B3AD-AD9536B62523}.Release|Any CPU.Build.0 = Release|Any CPU
		{7274B667-514E-4753-9E49-E23732180891}.Debug|Any CPU.ActiveCfg = Debug|Any CPU
		{7274B667-514E-4753-9E49-E23732180891}.Debug|Any CPU.Build.0 = Debug|Any CPU
		{7274B667-514E-4753-9E49-E23732180891}.Release|Any CPU.ActiveCfg = Release|Any CPU
		{7274B667-514E-4753-9E49-E23732180891}.Release|Any CPU.Build.0 = Release|Any CPU
		{67DCF4D5-7BF7-4246-8D46-4AD6FD88274E}.Debug|Any CPU.ActiveCfg = Debug|Any CPU
		{67DCF4D5-7BF7-4246-8D46-4AD6FD88274E}.Debug|Any CPU.Build.0 = Debug|Any CPU
		{67DCF4D5-7BF7-4246-8D46-4AD6FD88274E}.Release|Any CPU.ActiveCfg = Release|Any CPU
		{67DCF4D5-7BF7-4246-8D46-4AD6FD88274E}.Release|Any CPU.Build.0 = Release|Any CPU
		{5A6A9974-A30C-4E1E-8062-3D5EAC6BEDC2}.Debug|Any CPU.ActiveCfg = Debug|Any CPU
		{5A6A9974-A30C-4E1E-8062-3D5EAC6BEDC2}.Debug|Any CPU.Build.0 = Debug|Any CPU
		{5A6A9974-A30C-4E1E-8062-3D5EAC6BEDC2}.Release|Any CPU.ActiveCfg = Release|Any CPU
		{5A6A9974-A30C-4E1E-8062-3D5EAC6BEDC2}.Release|Any CPU.Build.0 = Release|Any CPU
		{51B34C03-F746-4F76-A83C-FEBF9775380A}.Debug|Any CPU.ActiveCfg = Debug|Any CPU
		{51B34C03-F746-4F76-A83C-FEBF9775380A}.Debug|Any CPU.Build.0 = Debug|Any CPU
		{51B34C03-F746-4F76-A83C-FEBF9775380A}.Release|Any CPU.ActiveCfg = Release|Any CPU
		{51B34C03-F746-4F76-A83C-FEBF9775380A}.Release|Any CPU.Build.0 = Release|Any CPU
		{4F83B383-A859-4142-A803-76E8E707EC41}.Debug|Any CPU.ActiveCfg = Debug|Any CPU
		{4F83B383-A859-4142-A803-76E8E707EC41}.Debug|Any CPU.Build.0 = Debug|Any CPU
		{4F83B383-A859-4142-A803-76E8E707EC41}.Release|Any CPU.ActiveCfg = Release|Any CPU
		{4F83B383-A859-4142-A803-76E8E707EC41}.Release|Any CPU.Build.0 = Release|Any CPU
	EndGlobalSection
	GlobalSection(SolutionProperties) = preSolution
		HideSolutionNode = FALSE
	EndGlobalSection
	GlobalSection(NestedProjects) = preSolution
		{486D00F9-8EBE-4EA9-B0A0-0C6F332F6E71} = {CA471BB2-0B9E-4CE1-9601-EAAED0AFD892}
		{B9B207A7-5B05-49DD-B3AD-AD9536B62523} = {486D00F9-8EBE-4EA9-B0A0-0C6F332F6E71}
		{1F9EA143-6791-46E4-BC34-46C5880E8FDC} = {CA471BB2-0B9E-4CE1-9601-EAAED0AFD892}
		{7274B667-514E-4753-9E49-E23732180891} = {1F9EA143-6791-46E4-BC34-46C5880E8FDC}
		{6591A599-F0FC-4036-9F51-4E1F55C051CA} = {CA471BB2-0B9E-4CE1-9601-EAAED0AFD892}
		{67DCF4D5-7BF7-4246-8D46-4AD6FD88274E} = {6591A599-F0FC-4036-9F51-4E1F55C051CA}
		{78B4658F-2474-4D08-8E28-4E5AE03E6669} = {CA471BB2-0B9E-4CE1-9601-EAAED0AFD892}
		{5A6A9974-A30C-4E1E-8062-3D5EAC6BEDC2} = {78B4658F-2474-4D08-8E28-4E5AE03E6669}
		{7BFFD293-45DC-4E94-9CD7-31C8CA0FF48B} = {CA471BB2-0B9E-4CE1-9601-EAAED0AFD892}
		{51B34C03-F746-4F76-A83C-FEBF9775380A} = {7BFFD293-45DC-4E94-9CD7-31C8CA0FF48B}
		{0EE90735-76AA-49B9-972F-57CFE65457AF} = {CA471BB2-0B9E-4CE1-9601-EAAED0AFD892}
		{4F83B383-A859-4142-A803-76E8E707EC41} = {0EE90735-76AA-49B9-972F-57CFE65457AF}
	EndGlobalSection
	GlobalSection(ExtensibilityGlobals) = postSolution
		SolutionGuid = {1E48F475-BEF5-4B6F-9213-489D7EB0A9DA}
	EndGlobalSection
EndGlobal
